{
  "nodes": {
    "nixpkgs-stable": {
      "locked": {
        "lastModified": 1630845541,
        "narHash": "sha256-DKj/0V+NNJe3sgRAZFb4yYFZFH0gXD1qNU8xiI87+GA=",
        "owner": "NixOS",
        "repo": "nixpkgs",
        "rev": "1e5c35dfbc8e0ad8c35aa1a6446f442ca1ec5234",
        "type": "github"
      },
      "original": {
        "owner": "NixOS",
        "ref": "nixos-21.05",
        "repo": "nixpkgs",
        "type": "github"
      }
    },
    "nixpkgs-unstable": {
      "locked": {
        "lastModified": 1630850248,
        "narHash": "sha256-OzJi6Olf7mSVhGt3W7qOMVP5Qk1lH60zlHeCcITzfv0=",
        "owner": "NixOS",
        "repo": "nixpkgs",
        "rev": "23d5823337f4502dfa17e192d8c53a47cabcb6b4",
        "type": "github"
      },
      "original": {
        "owner": "NixOS",
        "ref": "nixos-unstable",
        "repo": "nixpkgs",
        "type": "github"
      }
    },
    "root": {
      "inputs": {
        "nixpkgs-stable": "nixpkgs-stable",
        "nixpkgs-unstable": "nixpkgs-unstable"
      }
    }
  },
  "root": "root",
  "version": 7
}
