{
  "nodes": {
    "flake-utils": {
      "locked": {
        "lastModified": 1652776076,
        "narHash": "sha256-gzTw/v1vj4dOVbpBSJX4J0DwUR6LIyXo7/SuuTJp1kM=",
        "owner": "numtide",
        "repo": "flake-utils",
        "rev": "04c1b180862888302ddfb2e3ad9eaa63afc60cf8",
        "type": "github"
      },
      "original": {
        "owner": "numtide",
        "repo": "flake-utils",
        "type": "github"
      }
    },
    "home-manager-unstable": {
      "inputs": {
        "nixpkgs": [
          "nixpkgs-unstable"
        ]
      },
      "locked": {
        "lastModified": 1653340164,
        "narHash": "sha256-t6BPApyasx6FOv2cEVyFBXvkEDrknyUe7bngMbNSBkA=",
        "owner": "nix-community",
        "repo": "home-manager",
        "rev": "e66f0ff69a6c0698b35034b842c4b68814440778",
        "type": "github"
      },
      "original": {
        "owner": "nix-community",
        "ref": "master",
        "repo": "home-manager",
        "type": "github"
      }
    },
    "nix-ld": {
      "inputs": {
        "nixpkgs": [
          "nixpkgs-unstable"
        ],
        "utils": "utils"
      },
      "locked": {
        "lastModified": 1652641841,
        "narHash": "sha256-TTBz20XR2vmvOSDu8hXcbHbOEI0t/IWq8vZuRKyep1E=",
        "owner": "Mic92",
        "repo": "nix-ld",
        "rev": "c25cc4b5ec65f03c2bb96f927ae724a59c51d7ee",
        "type": "github"
      },
      "original": {
        "owner": "Mic92",
        "repo": "nix-ld",
        "type": "github"
      }
    },
    "nixlib": {
      "locked": {
        "lastModified": 1636849918,
        "narHash": "sha256-nzUK6dPcTmNVrgTAC1EOybSMsrcx+QrVPyqRdyKLkjA=",
        "owner": "nix-community",
        "repo": "nixpkgs.lib",
        "rev": "28a5b0557f14124608db68d3ee1f77e9329e9dd5",
        "type": "github"
      },
      "original": {
        "owner": "nix-community",
        "repo": "nixpkgs.lib",
        "type": "github"
      }
    },
    "nixos-generators": {
      "inputs": {
        "nixlib": "nixlib",
        "nixpkgs": [
          "nixpkgs-unstable"
        ]
      },
      "locked": {
        "lastModified": 1653339081,
        "narHash": "sha256-dpim9Mtd57Yj6qt7p7UKwjWm6NnOU3S7jaEyEscSyPE=",
        "owner": "nix-community",
        "repo": "nixos-generators",
        "rev": "fb3ee0f618b8c80dea1239691b15dfeb4bb46331",
        "type": "github"
      },
      "original": {
        "owner": "nix-community",
        "repo": "nixos-generators",
        "type": "github"
      }
    },
    "nixos-hardware": {
      "locked": {
        "lastModified": 1653145312,
        "narHash": "sha256-affCuB0Boa8CDFykoJVPZfhHLBok7Sq+QEOJvo3Xf+k=",
        "owner": "NixOS",
        "repo": "nixos-hardware",
        "rev": "8b5e1bf2fd62adefff05ae67cd49440be93ea193",
        "type": "github"
      },
      "original": {
        "owner": "NixOS",
        "ref": "master",
        "repo": "nixos-hardware",
        "type": "github"
      }
    },
    "nixos-vscode-server": {
      "flake": false,
      "locked": {
        "lastModified": 1648830510,
        "narHash": "sha256-U+UGKbZajc2NqDvBL7hCYshAiaXgiBv5rNFIqLl0X7M=",
        "owner": "msteen",
        "repo": "nixos-vscode-server",
        "rev": "d2343b5eb47b811856085f3eff4d899a32b2c136",
        "type": "github"
      },
      "original": {
        "owner": "msteen",
        "ref": "master",
        "repo": "nixos-vscode-server",
        "type": "github"
      }
    },
    "nixpkgs-astridyu": {
      "locked": {
        "lastModified": 1650332679,
        "narHash": "sha256-HlmjUQCn+m3lKbN9wkdCi2rX13gZbJV5OxMO5CJPEBk=",
        "owner": "astridyu",
        "repo": "nixpkgs",
        "rev": "5c21db041d2c78342075d9acbf1d74ab4142972c",
        "type": "github"
      },
      "original": {
        "owner": "astridyu",
        "ref": "lxd-vms",
        "repo": "nixpkgs",
        "type": "github"
      }
    },
    "nixpkgs-unstable": {
      "locked": {
        "lastModified": 1653060744,
        "narHash": "sha256-kfRusllRumpt33J1hPV+CeCCylCXEU7e0gn2/cIM7cY=",
        "owner": "NixOS",
        "repo": "nixpkgs",
        "rev": "dfd82985c273aac6eced03625f454b334daae2e8",
        "type": "github"
      },
      "original": {
        "owner": "NixOS",
        "ref": "nixos-unstable",
        "repo": "nixpkgs",
        "type": "github"
      }
    },
    "nur": {
      "locked": {
        "lastModified": 1653394728,
        "narHash": "sha256-8swJpuFRNAo+64R0NQ13DIQDt5rMFMmSXmovacaFtHw=",
        "owner": "nix-community",
        "repo": "NUR",
        "rev": "fcf01891f0fb3f4b302328a438a0c709b350b588",
        "type": "github"
      },
      "original": {
        "owner": "nix-community",
        "repo": "NUR",
        "type": "github"
      }
    },
    "powerlevel10k": {
      "flake": false,
      "locked": {
        "lastModified": 1653058731,
        "narHash": "sha256-7+NkQPLl7D+NoAIBuDfpj8ykDN8ss5OkC3kBubmAyOs=",
        "owner": "romkatv",
        "repo": "powerlevel10k",
        "rev": "74ff02a819c5b83b8022c973ce100e41104a41cf",
        "type": "github"
      },
      "original": {
        "owner": "romkatv",
        "ref": "master",
        "repo": "powerlevel10k",
        "type": "github"
      }
    },
    "qmk_firmware": {
      "flake": false,
      "locked": {
        "lastModified": 1646863481,
        "narHash": "sha256-CgAJLWRxjS5YjskJV8yWTna8PsT/F4wPgGPtm4cSa4c=",
        "owner": "astridyu",
        "repo": "qmk_firmware",
        "rev": "caeb213400e7f612598af10354306fd4d3ee0adf",
        "type": "github"
      },
      "original": {
        "owner": "astridyu",
        "ref": "master",
        "repo": "qmk_firmware",
        "type": "github"
      }
    },
    "root": {
      "inputs": {
        "flake-utils": "flake-utils",
        "home-manager-unstable": "home-manager-unstable",
        "nix-ld": "nix-ld",
        "nixos-generators": "nixos-generators",
        "nixos-hardware": "nixos-hardware",
        "nixos-vscode-server": "nixos-vscode-server",
        "nixpkgs-astridyu": "nixpkgs-astridyu",
        "nixpkgs-unstable": "nixpkgs-unstable",
        "nur": "nur",
        "powerlevel10k": "powerlevel10k",
        "qmk_firmware": "qmk_firmware"
      }
    },
    "utils": {
      "locked": {
        "lastModified": 1652372896,
        "narHash": "sha256-lURGussfF3mGrFPQT3zgW7+RC0pBhbHzco0C7I+ilow=",
        "owner": "numtide",
        "repo": "flake-utils",
        "rev": "0d347c56f6f41de822a4f4c7ff5072f3382db121",
        "type": "github"
      },
      "original": {
        "owner": "numtide",
        "repo": "flake-utils",
        "type": "github"
      }
    }
  },
  "root": "root",
  "version": 7
}
